
Microsoft Visual Studio Solution File, Format Version 12.00
# Visual Studio Version 17
VisualStudioVersion = 17.4.33213.308
MinimumVisualStudioVersion = 10.0.40219.1
Project("{FAE04EC0-301F-11D3-BF4B-00C04F79EFBC}") = "AppBancoDigital.Android", "AppBancoDigital\AppBancoDigital.Android\AppBancoDigital.Android.csproj", "{EE30F266-6B3A-45CF-BF46-7633BE415456}"
EndProject
Project("{FAE04EC0-301F-11D3-BF4B-00C04F79EFBC}") = "AppBancoDigital", "AppBancoDigital\AppBancoDigital\AppBancoDigital.csproj", "{D898573A-1D5E-484D-B918-B29C67D5C498}"
EndProject
Global
	GlobalSection(SolutionConfigurationPlatforms) = preSolution
		Debug|Any CPU = Debug|Any CPU
		Release|Any CPU = Release|Any CPU
	EndGlobalSection
	GlobalSection(ProjectConfigurationPlatforms) = postSolution
		{EE30F266-6B3A-45CF-BF46-7633BE415456}.Debug|Any CPU.ActiveCfg = Debug|Any CPU
		{EE30F266-6B3A-45CF-BF46-7633BE415456}.Debug|Any CPU.Build.0 = Debug|Any CPU
		{EE30F266-6B3A-45CF-BF46-7633BE415456}.Debug|Any CPU.Deploy.0 = Debug|Any CPU
		{EE30F266-6B3A-45CF-BF46-7633BE415456}.Release|Any CPU.ActiveCfg = Release|Any CPU
		{EE30F266-6B3A-45CF-BF46-7633BE415456}.Release|Any CPU.Build.0 = Release|Any CPU
		{EE30F266-6B3A-45CF-BF46-7633BE415456}.Release|Any CPU.Deploy.0 = Release|Any CPU
		{D898573A-1D5E-484D-B918-B29C67D5C498}.Debug|Any CPU.ActiveCfg = Debug|Any CPU
		{D898573A-1D5E-484D-B918-B29C67D5C498}.Debug|Any CPU.Build.0 = Debug|Any CPU
		{D898573A-1D5E-484D-B918-B29C67D5C498}.Debug|Any CPU.Deploy.0 = Debug|Any CPU
		{D898573A-1D5E-484D-B918-B29C67D5C498}.Release|Any CPU.ActiveCfg = Release|Any CPU
		{D898573A-1D5E-484D-B918-B29C67D5C498}.Release|Any CPU.Build.0 = Release|Any CPU
		{D898573A-1D5E-484D-B918-B29C67D5C498}.Release|Any CPU.Deploy.0 = Release|Any CPU
	EndGlobalSection
	GlobalSection(SolutionProperties) = preSolution
		HideSolutionNode = FALSE
	EndGlobalSection
	GlobalSection(ExtensibilityGlobals) = postSolution
		SolutionGuid = {4C68F10F-F0B9-417F-AEF7-33A6BD9C2C8B}
	EndGlobalSection
EndGlobal
